<?xml version="1.0" encoding="utf-8"?>
<Project ToolsVersion="4.0" xmlns="http://schemas.microsoft.com/developer/msbuild/2003">
  <ItemGroup>
    <ClCompile Include="main.cpp">
      <Filter>WinMain</Filter>
    </ClCompile>
    <ClCompile Include="Graphics.cpp">
      <Filter>Framework\Graphics</Filter>
    </ClCompile>
    <ClCompile Include="GSprite.cpp">
      <Filter>Framework\GSprite</Filter>
    </ClCompile>
    <ClCompile Include="ViewPort.cpp">
      <Filter>Framework\Transform</Filter>
    </ClCompile>
    <ClCompile Include="dsutil.cpp">
      <Filter>Framework\Sound</Filter>
    </ClCompile>
    <ClCompile Include="dxutil.cpp">
      <Filter>Framework\Sound</Filter>
    </ClCompile>
    <ClCompile Include="DSprites.cpp">
      <Filter>FrameworkTHAY</Filter>
    </ClCompile>
    <ClCompile Include="DGame.cpp">
      <Filter>FrameworkTHAY</Filter>
    </ClCompile>
    <ClCompile Include="Debug.cpp">
      <Filter>FrameworkTHAY</Filter>
    </ClCompile>
    <ClCompile Include="Textures.cpp">
      <Filter>FrameworkTHAY</Filter>
    </ClCompile>
    <ClCompile Include="Game.cpp">
      <Filter>Framework</Filter>
    </ClCompile>
    <ClCompile Include="Input.cpp">
      <Filter>Framework</Filter>
    </ClCompile>
    <ClCompile Include="GameTime.cpp">
      <Filter>Framework</Filter>
    </ClCompile>
    <ClCompile Include="ScreenManager.cpp">
      <Filter>Framework</Filter>
    </ClCompile>
    <ClCompile Include="GamePlayStateOne.cpp">
      <Filter>Framework</Filter>
    </ClCompile>
    <ClCompile Include="TileMap.cpp">
      <Filter>Framework</Filter>
    </ClCompile>
    <ClCompile Include="Ground.cpp">
      <Filter>Framework\Object\StaticObject</Filter>
    </ClCompile>
    <ClCompile Include="GameObject.cpp">
      <Filter>Framework</Filter>
    </ClCompile>
    <ClCompile Include="Simon.cpp">
      <Filter>Framework\Object\MoveObject</Filter>
    </ClCompile>
    <ClCompile Include="GameState.cpp">
      <Filter>Framework</Filter>
    </ClCompile>
    <ClCompile Include="IntroScene.cpp">
      <Filter>Framework</Filter>
    </ClCompile>
    <ClCompile Include="ColliderEffect.cpp">
      <Filter>Utils</Filter>
    </ClCompile>
    <ClCompile Include="Animated.cpp">
      <Filter>Utils</Filter>
    </ClCompile>
    <ClCompile Include="DeadAnim.cpp">
      <Filter>Utils</Filter>
    </ClCompile>
    <ClCompile Include="Enemy.cpp">
      <Filter>Framework\Object</Filter>
    </ClCompile>
    <ClCompile Include="Collider.cpp">
      <Filter>Framework</Filter>
    </ClCompile>
    <ClCompile Include="Door.cpp">
      <Filter>Framework\Object\StaticObject</Filter>
    </ClCompile>
  </ItemGroup>
  <ItemGroup>
    <ClInclude Include="Graphics.h">
      <Filter>Framework\Graphics</Filter>
    </ClInclude>
    <ClInclude Include="define.h">
      <Filter>Config</Filter>
    </ClInclude>
    <ClInclude Include="GSprite.h">
      <Filter>Framework\GSprite</Filter>
    </ClInclude>
    <ClInclude Include="ViewPort.h">
      <Filter>Framework\Transform</Filter>
    </ClInclude>
    <ClInclude Include="dsutil.h">
      <Filter>Framework\Sound</Filter>
    </ClInclude>
    <ClInclude Include="dxutil.h">
      <Filter>Framework\Sound</Filter>
    </ClInclude>
    <ClInclude Include="DSprites.h">
      <Filter>FrameworkTHAY</Filter>
    </ClInclude>
    <ClInclude Include="DGame.h">
      <Filter>FrameworkTHAY</Filter>
    </ClInclude>
    <ClInclude Include="Debug.h">
      <Filter>FrameworkTHAY</Filter>
    </ClInclude>
    <ClInclude Include="Textures.h">
      <Filter>FrameworkTHAY</Filter>
    </ClInclude>
    <ClInclude Include="Game.h">
      <Filter>Framework</Filter>
    </ClInclude>
    <ClInclude Include="GameTime.h">
      <Filter>Framework</Filter>
    </ClInclude>
    <ClInclude Include="Input.h">
      <Filter>Framework</Filter>
    </ClInclude>
    <ClInclude Include="ScreenManager.h">
      <Filter>Framework</Filter>
    </ClInclude>
    <ClInclude Include="GameState.h">
      <Filter>Framework</Filter>
    </ClInclude>
    <ClInclude Include="GamePlayStateOne.h">
      <Filter>Framework</Filter>
    </ClInclude>
    <ClInclude Include="TileMap.h">
      <Filter>Framework</Filter>
    </ClInclude>
    <ClInclude Include="Ground.h">
      <Filter>Framework\Object\StaticObject</Filter>
    </ClInclude>
    <ClInclude Include="GameObject.h">
      <Filter>Framework</Filter>
    </ClInclude>
    <ClInclude Include="Simon.h">
      <Filter>Framework\Object\MoveObject</Filter>
    </ClInclude>
    <ClInclude Include="IntroScene.h">
      <Filter>Framework</Filter>
    </ClInclude>
    <ClInclude Include="ColliderEffect.h">
      <Filter>Utils</Filter>
    </ClInclude>
    <ClInclude Include="DeadAnim.h">
      <Filter>Utils</Filter>
    </ClInclude>
    <ClInclude Include="Animated.h">
      <Filter>Utils</Filter>
    </ClInclude>
    <ClInclude Include="Enemy.h">
      <Filter>Framework\Object</Filter>
    </ClInclude>
    <ClInclude Include="Collider.h">
      <Filter>Framework</Filter>
    </ClInclude>
    <ClInclude Include="Door.h">
      <Filter>Framework\Object\StaticObject</Filter>
    </ClInclude>
  </ItemGroup>
  <ItemGroup>
    <Filter Include="WinMain">
      <UniqueIdentifier>{98507159-985b-4dce-8d55-f1f885c7deec}</UniqueIdentifier>
    </Filter>
    <Filter Include="Utils">
      <UniqueIdentifier>{948a8227-8a57-4c86-97ca-1c84b3bac025}</UniqueIdentifier>
    </Filter>
    <Filter Include="Framework">
      <UniqueIdentifier>{78178cd2-44ab-4234-a4fe-9d153dc73d36}</UniqueIdentifier>
    </Filter>
    <Filter Include="Framework\Graphics">
      <UniqueIdentifier>{4433218a-924c-4edb-8524-d9b66ef773f5}</UniqueIdentifier>
    </Filter>
    <Filter Include="Config">
      <UniqueIdentifier>{ce9459d1-7142-4cab-a7f0-9668c77a22dc}</UniqueIdentifier>
    </Filter>
    <Filter Include="Framework\GSprite">
      <UniqueIdentifier>{08369ad0-a600-4ff4-a270-6f2531eb526f}</UniqueIdentifier>
    </Filter>
    <Filter Include="Framework\Transform">
      <UniqueIdentifier>{10b0ca0f-5a4c-495d-8c80-66bb47dc2350}</UniqueIdentifier>
    </Filter>
    <Filter Include="Framework\Sound">
      <UniqueIdentifier>{ba3e0a85-7a94-4682-b6cd-f420ba8a6eca}</UniqueIdentifier>
    </Filter>
    <Filter Include="FrameworkTHAY">
      <UniqueIdentifier>{f49b3b3a-21ee-40f7-b0a1-87fcfd0e4328}</UniqueIdentifier>
    </Filter>
    <Filter Include="Framework\Object">
      <UniqueIdentifier>{69f1586c-c5af-4814-a3b9-dd22a8424bf6}</UniqueIdentifier>
    </Filter>
    <Filter Include="Framework\Object\StaticObject">
      <UniqueIdentifier>{408f9d6a-876c-46fd-b113-a6b71e3444ae}</UniqueIdentifier>
    </Filter>
    <Filter Include="Framework\Object\MoveObject">
      <UniqueIdentifier>{8209245a-fc84-4ba0-b9ff-102ff50843ae}</UniqueIdentifier>
    </Filter>
  </ItemGroup>
</Project>